// !$*UTF8*$!
{
	archiveVersion = 1;
	classes = {
	};
	objectVersion = 46;
	objects = {

/* Begin PBXBuildFile section */
		3C0860C61EC5AE01004634E2 /* SearchViewController.swift in Sources */ = {isa = PBXBuildFile; fileRef = 3C0860C51EC5AE01004634E2 /* SearchViewController.swift */; };
		3C4A17401EC04027000E6C56 /* SwiftTimer.swift in Sources */ = {isa = PBXBuildFile; fileRef = 3C4A173F1EC04027000E6C56 /* SwiftTimer.swift */; };
		3C4A17421EC06F13000E6C56 /* MJRefresh.framework in Frameworks */ = {isa = PBXBuildFile; fileRef = 3C4A17411EC06F13000E6C56 /* MJRefresh.framework */; };
		3C4A17441EC06F27000E6C56 /* YYModel.framework in Frameworks */ = {isa = PBXBuildFile; fileRef = 3C4A17431EC06F27000E6C56 /* YYModel.framework */; };
		3C4A17461EC06F30000E6C56 /* FMDB.framework in Frameworks */ = {isa = PBXBuildFile; fileRef = 3C4A17451EC06F30000E6C56 /* FMDB.framework */; };
		3C4A17481EC06F9A000E6C56 /* PublicMethod.swift in Sources */ = {isa = PBXBuildFile; fileRef = 3C4A17471EC06F9A000E6C56 /* PublicMethod.swift */; };
		3C5FBD971EB868B500E5F76A /* AppDelegate.swift in Sources */ = {isa = PBXBuildFile; fileRef = 3C5FBD961EB868B500E5F76A /* AppDelegate.swift */; };
		3C5FBD9C1EB868B700E5F76A /* Main.storyboard in Resources */ = {isa = PBXBuildFile; fileRef = 3C5FBD9A1EB868B700E5F76A /* Main.storyboard */; };
		3C5FBD9E1EB868B700E5F76A /* Assets.xcassets in Resources */ = {isa = PBXBuildFile; fileRef = 3C5FBD9D1EB868B700E5F76A /* Assets.xcassets */; };
		3C5FBDA11EB868B700E5F76A /* LaunchScreen.storyboard in Resources */ = {isa = PBXBuildFile; fileRef = 3C5FBD9F1EB868B700E5F76A /* LaunchScreen.storyboard */; };
		3C5FBDAC1EB868B800E5F76A /* TravelSwiftTests.swift in Sources */ = {isa = PBXBuildFile; fileRef = 3C5FBDAB1EB868B800E5F76A /* TravelSwiftTests.swift */; };
		3C5FBDB71EB868B900E5F76A /* TravelSwiftUITests.swift in Sources */ = {isa = PBXBuildFile; fileRef = 3C5FBDB61EB868B900E5F76A /* TravelSwiftUITests.swift */; };
		3C5FBDCC1EB878E600E5F76A /* define.swift in Sources */ = {isa = PBXBuildFile; fileRef = 3C5FBDCB1EB878E600E5F76A /* define.swift */; };
		3C5FBDCF1EB87B2800E5F76A /* color.swift in Sources */ = {isa = PBXBuildFile; fileRef = 3C5FBDCE1EB87B2800E5F76A /* color.swift */; };
		3C5FBDD11EB87EA500E5F76A /* UserInfo.swift in Sources */ = {isa = PBXBuildFile; fileRef = 3C5FBDD01EB87EA500E5F76A /* UserInfo.swift */; };
		3CE073B21EB9697600F1A3FE /* RootViewController.swift in Sources */ = {isa = PBXBuildFile; fileRef = 3CE073B11EB9697600F1A3FE /* RootViewController.swift */; };
		3CE073C11EB96B6800F1A3FE /* BaseViewController.swift in Sources */ = {isa = PBXBuildFile; fileRef = 3CE073C01EB96B6800F1A3FE /* BaseViewController.swift */; };
		3CE073C31EB96BDA00F1A3FE /* MainVC.swift in Sources */ = {isa = PBXBuildFile; fileRef = 3CE073C21EB96BDA00F1A3FE /* MainVC.swift */; };
		3CE073C51EB96BEE00F1A3FE /* NoteVC.swift in Sources */ = {isa = PBXBuildFile; fileRef = 3CE073C41EB96BEE00F1A3FE /* NoteVC.swift */; };
		3CE073C71EB96BF700F1A3FE /* MsgVC.swift in Sources */ = {isa = PBXBuildFile; fileRef = 3CE073C61EB96BF700F1A3FE /* MsgVC.swift */; };
		3CE073C91EB96C0500F1A3FE /* MineVC.swift in Sources */ = {isa = PBXBuildFile; fileRef = 3CE073C81EB96C0500F1A3FE /* MineVC.swift */; };
		3CE073CB1EB96E6500F1A3FE /* BaseNavagationController.swift in Sources */ = {isa = PBXBuildFile; fileRef = 3CE073CA1EB96E6500F1A3FE /* BaseNavagationController.swift */; };
		3CE073CE1EB9C2FE00F1A3FE /* SearchVC.swift in Sources */ = {isa = PBXBuildFile; fileRef = 3CE073CD1EB9C2FE00F1A3FE /* SearchVC.swift */; };
		3CE073D01EB9C39B00F1A3FE /* SearchAnimation.swift in Sources */ = {isa = PBXBuildFile; fileRef = 3CE073CF1EB9C39B00F1A3FE /* SearchAnimation.swift */; };
		3CFB00821EBAC66800C6F5DB /* MainBanner.swift in Sources */ = {isa = PBXBuildFile; fileRef = 3CFB00811EBAC66800C6F5DB /* MainBanner.swift */; };
		3CFB00841EBAD61A00C6F5DB /* ImageIO.framework in Frameworks */ = {isa = PBXBuildFile; fileRef = 3CFB00831EBAD61A00C6F5DB /* ImageIO.framework */; };
		3CFB00861EBAD62A00C6F5DB /* SDWebImage.framework in Frameworks */ = {isa = PBXBuildFile; fileRef = 3CFB00851EBAD62A00C6F5DB /* SDWebImage.framework */; };
		CE8E9316EC1862FD8AE7A87A /* Pods_TravelSwift.framework in Frameworks */ = {isa = PBXBuildFile; fileRef = 1AD0A0FD0729C70F47E51C17 /* Pods_TravelSwift.framework */; };
/* End PBXBuildFile section */

/* Begin PBXContainerItemProxy section */
		3C5FBDA81EB868B700E5F76A /* PBXContainerItemProxy */ = {
			isa = PBXContainerItemProxy;
			containerPortal = 3C5FBD8B1EB868B400E5F76A /* Project object */;
			proxyType = 1;
			remoteGlobalIDString = 3C5FBD921EB868B400E5F76A;
			remoteInfo = TravelSwift;
		};
		3C5FBDB31EB868B800E5F76A /* PBXContainerItemProxy */ = {
			isa = PBXContainerItemProxy;
			containerPortal = 3C5FBD8B1EB868B400E5F76A /* Project object */;
			proxyType = 1;
			remoteGlobalIDString = 3C5FBD921EB868B400E5F76A;
			remoteInfo = TravelSwift;
		};
/* End PBXContainerItemProxy section */

/* Begin PBXFileReference section */
		1AD0A0FD0729C70F47E51C17 /* Pods_TravelSwift.framework */ = {isa = PBXFileReference; explicitFileType = wrapper.framework; includeInIndex = 0; path = Pods_TravelSwift.framework; sourceTree = BUILT_PRODUCTS_DIR; };
		3C0860C51EC5AE01004634E2 /* SearchViewController.swift */ = {isa = PBXFileReference; fileEncoding = 4; lastKnownFileType = sourcecode.swift; path = SearchViewController.swift; sourceTree = "<group>"; };
		3C4A173F1EC04027000E6C56 /* SwiftTimer.swift */ = {isa = PBXFileReference; fileEncoding = 4; lastKnownFileType = sourcecode.swift; path = SwiftTimer.swift; sourceTree = "<group>"; };
		3C4A17411EC06F13000E6C56 /* MJRefresh.framework */ = {isa = PBXFileReference; lastKnownFileType = wrapper.framework; name = MJRefresh.framework; path = "../../Library/Developer/Xcode/DerivedData/TravelSwift-dshfoagchapmffbhzzzayydecddk/Build/Products/Debug-iphonesimulator/MJRefresh/MJRefresh.framework"; sourceTree = "<group>"; };
		3C4A17431EC06F27000E6C56 /* YYModel.framework */ = {isa = PBXFileReference; lastKnownFileType = wrapper.framework; name = YYModel.framework; path = "../../Library/Developer/Xcode/DerivedData/TravelSwift-dshfoagchapmffbhzzzayydecddk/Build/Products/Debug-iphonesimulator/YYModel/YYModel.framework"; sourceTree = "<group>"; };
		3C4A17451EC06F30000E6C56 /* FMDB.framework */ = {isa = PBXFileReference; lastKnownFileType = wrapper.framework; name = FMDB.framework; path = "../../Library/Developer/Xcode/DerivedData/TravelSwift-dshfoagchapmffbhzzzayydecddk/Build/Products/Debug-iphonesimulator/FMDB/FMDB.framework"; sourceTree = "<group>"; };
		3C4A17471EC06F9A000E6C56 /* PublicMethod.swift */ = {isa = PBXFileReference; fileEncoding = 4; lastKnownFileType = sourcecode.swift; path = PublicMethod.swift; sourceTree = "<group>"; };
		3C5FBD931EB868B400E5F76A /* TravelSwift.app */ = {isa = PBXFileReference; explicitFileType = wrapper.application; includeInIndex = 0; path = TravelSwift.app; sourceTree = BUILT_PRODUCTS_DIR; };
		3C5FBD961EB868B500E5F76A /* AppDelegate.swift */ = {isa = PBXFileReference; lastKnownFileType = sourcecode.swift; path = AppDelegate.swift; sourceTree = "<group>"; };
		3C5FBD9B1EB868B700E5F76A /* Base */ = {isa = PBXFileReference; lastKnownFileType = file.storyboard; name = Base; path = Base.lproj/Main.storyboard; sourceTree = "<group>"; };
		3C5FBD9D1EB868B700E5F76A /* Assets.xcassets */ = {isa = PBXFileReference; lastKnownFileType = folder.assetcatalog; path = Assets.xcassets; sourceTree = "<group>"; };
		3C5FBDA01EB868B700E5F76A /* Base */ = {isa = PBXFileReference; lastKnownFileType = file.storyboard; name = Base; path = Base.lproj/LaunchScreen.storyboard; sourceTree = "<group>"; };
		3C5FBDA21EB868B700E5F76A /* Info.plist */ = {isa = PBXFileReference; lastKnownFileType = text.plist.xml; path = Info.plist; sourceTree = "<group>"; };
		3C5FBDA71EB868B700E5F76A /* TravelSwiftTests.xctest */ = {isa = PBXFileReference; explicitFileType = wrapper.cfbundle; includeInIndex = 0; path = TravelSwiftTests.xctest; sourceTree = BUILT_PRODUCTS_DIR; };
		3C5FBDAB1EB868B800E5F76A /* TravelSwiftTests.swift */ = {isa = PBXFileReference; lastKnownFileType = sourcecode.swift; path = TravelSwiftTests.swift; sourceTree = "<group>"; };
		3C5FBDAD1EB868B800E5F76A /* Info.plist */ = {isa = PBXFileReference; lastKnownFileType = text.plist.xml; path = Info.plist; sourceTree = "<group>"; };
		3C5FBDB21EB868B800E5F76A /* TravelSwiftUITests.xctest */ = {isa = PBXFileReference; explicitFileType = wrapper.cfbundle; includeInIndex = 0; path = TravelSwiftUITests.xctest; sourceTree = BUILT_PRODUCTS_DIR; };
		3C5FBDB61EB868B900E5F76A /* TravelSwiftUITests.swift */ = {isa = PBXFileReference; lastKnownFileType = sourcecode.swift; path = TravelSwiftUITests.swift; sourceTree = "<group>"; };
		3C5FBDB81EB868B900E5F76A /* Info.plist */ = {isa = PBXFileReference; lastKnownFileType = text.plist.xml; path = Info.plist; sourceTree = "<group>"; };
		3C5FBDCB1EB878E600E5F76A /* define.swift */ = {isa = PBXFileReference; fileEncoding = 4; lastKnownFileType = sourcecode.swift; path = define.swift; sourceTree = "<group>"; };
		3C5FBDCE1EB87B2800E5F76A /* color.swift */ = {isa = PBXFileReference; fileEncoding = 4; lastKnownFileType = sourcecode.swift; path = color.swift; sourceTree = "<group>"; };
		3C5FBDD01EB87EA500E5F76A /* UserInfo.swift */ = {isa = PBXFileReference; fileEncoding = 4; lastKnownFileType = sourcecode.swift; path = UserInfo.swift; sourceTree = "<group>"; };
		3CE073B11EB9697600F1A3FE /* RootViewController.swift */ = {isa = PBXFileReference; fileEncoding = 4; lastKnownFileType = sourcecode.swift; path = RootViewController.swift; sourceTree = "<group>"; };
		3CE073C01EB96B6800F1A3FE /* BaseViewController.swift */ = {isa = PBXFileReference; fileEncoding = 4; lastKnownFileType = sourcecode.swift; path = BaseViewController.swift; sourceTree = "<group>"; };
		3CE073C21EB96BDA00F1A3FE /* MainVC.swift */ = {isa = PBXFileReference; fileEncoding = 4; lastKnownFileType = sourcecode.swift; path = MainVC.swift; sourceTree = "<group>"; };
		3CE073C41EB96BEE00F1A3FE /* NoteVC.swift */ = {isa = PBXFileReference; fileEncoding = 4; lastKnownFileType = sourcecode.swift; path = NoteVC.swift; sourceTree = "<group>"; };
		3CE073C61EB96BF700F1A3FE /* MsgVC.swift */ = {isa = PBXFileReference; fileEncoding = 4; lastKnownFileType = sourcecode.swift; path = MsgVC.swift; sourceTree = "<group>"; };
		3CE073C81EB96C0500F1A3FE /* MineVC.swift */ = {isa = PBXFileReference; fileEncoding = 4; lastKnownFileType = sourcecode.swift; path = MineVC.swift; sourceTree = "<group>"; };
		3CE073CA1EB96E6500F1A3FE /* BaseNavagationController.swift */ = {isa = PBXFileReference; fileEncoding = 4; lastKnownFileType = sourcecode.swift; path = BaseNavagationController.swift; sourceTree = "<group>"; };
		3CE073CD1EB9C2FE00F1A3FE /* SearchVC.swift */ = {isa = PBXFileReference; fileEncoding = 4; lastKnownFileType = sourcecode.swift; path = SearchVC.swift; sourceTree = "<group>"; };
		3CE073CF1EB9C39B00F1A3FE /* SearchAnimation.swift */ = {isa = PBXFileReference; fileEncoding = 4; lastKnownFileType = sourcecode.swift; path = SearchAnimation.swift; sourceTree = "<group>"; };
		3CFB00811EBAC66800C6F5DB /* MainBanner.swift */ = {isa = PBXFileReference; fileEncoding = 4; lastKnownFileType = sourcecode.swift; path = MainBanner.swift; sourceTree = "<group>"; };
		3CFB00831EBAD61A00C6F5DB /* ImageIO.framework */ = {isa = PBXFileReference; lastKnownFileType = wrapper.framework; name = ImageIO.framework; path = System/Library/Frameworks/ImageIO.framework; sourceTree = SDKROOT; };
		3CFB00851EBAD62A00C6F5DB /* SDWebImage.framework */ = {isa = PBXFileReference; lastKnownFileType = wrapper.framework; name = SDWebImage.framework; path = "../../Library/Developer/Xcode/DerivedData/TravelSwift-dshfoagchapmffbhzzzayydecddk/Build/Products/Debug-iphonesimulator/SDWebImage/SDWebImage.framework"; sourceTree = "<group>"; };
		3CFB00881EBAD71700C6F5DB /* TravelSwift-Bridging-Header.h */ = {isa = PBXFileReference; lastKnownFileType = sourcecode.c.h; path = "TravelSwift-Bridging-Header.h"; sourceTree = "<group>"; };
		65075653C0EBEE637CB2B1DE /* Pods-TravelSwift.debug.xcconfig */ = {isa = PBXFileReference; includeInIndex = 1; lastKnownFileType = text.xcconfig; name = "Pods-TravelSwift.debug.xcconfig"; path = "Pods/Target Support Files/Pods-TravelSwift/Pods-TravelSwift.debug.xcconfig"; sourceTree = "<group>"; };
		BFB400CC22155DFFCF66ABD6 /* Pods-TravelSwift.release.xcconfig */ = {isa = PBXFileReference; includeInIndex = 1; lastKnownFileType = text.xcconfig; name = "Pods-TravelSwift.release.xcconfig"; path = "Pods/Target Support Files/Pods-TravelSwift/Pods-TravelSwift.release.xcconfig"; sourceTree = "<group>"; };
/* End PBXFileReference section */

/* Begin PBXFrameworksBuildPhase section */
		3C5FBD901EB868B400E5F76A /* Frameworks */ = {
			isa = PBXFrameworksBuildPhase;
			buildActionMask = 2147483647;
			files = (
				3C4A17461EC06F30000E6C56 /* FMDB.framework in Frameworks */,
				3C4A17441EC06F27000E6C56 /* YYModel.framework in Frameworks */,
				3C4A17421EC06F13000E6C56 /* MJRefresh.framework in Frameworks */,
				3CFB00861EBAD62A00C6F5DB /* SDWebImage.framework in Frameworks */,
				3CFB00841EBAD61A00C6F5DB /* ImageIO.framework in Frameworks */,
				CE8E9316EC1862FD8AE7A87A /* Pods_TravelSwift.framework in Frameworks */,
			);
			runOnlyForDeploymentPostprocessing = 0;
		};
		3C5FBDA41EB868B700E5F76A /* Frameworks */ = {
			isa = PBXFrameworksBuildPhase;
			buildActionMask = 2147483647;
			files = (
			);
			runOnlyForDeploymentPostprocessing = 0;
		};
		3C5FBDAF1EB868B800E5F76A /* Frameworks */ = {
			isa = PBXFrameworksBuildPhase;
			buildActionMask = 2147483647;
			files = (
			);
			runOnlyForDeploymentPostprocessing = 0;
		};
/* End PBXFrameworksBuildPhase section */

/* Begin PBXGroup section */
		034CFC8C8DDA60F6F3123999 /* Frameworks */ = {
			isa = PBXGroup;
			children = (
				3C4A17451EC06F30000E6C56 /* FMDB.framework */,
				3C4A17431EC06F27000E6C56 /* YYModel.framework */,
				3C4A17411EC06F13000E6C56 /* MJRefresh.framework */,
				3CFB00851EBAD62A00C6F5DB /* SDWebImage.framework */,
				3CFB00831EBAD61A00C6F5DB /* ImageIO.framework */,
				1AD0A0FD0729C70F47E51C17 /* Pods_TravelSwift.framework */,
			);
			name = Frameworks;
			sourceTree = "<group>";
		};
		3C5FBD8A1EB868B300E5F76A = {
			isa = PBXGroup;
			children = (
				3C5FBD951EB868B400E5F76A /* TravelSwift */,
				3C5FBDAA1EB868B700E5F76A /* TravelSwiftTests */,
				3C5FBDB51EB868B800E5F76A /* TravelSwiftUITests */,
				3C5FBD941EB868B400E5F76A /* Products */,
				8EF8387AB4B1854C89E6B626 /* Pods */,
				034CFC8C8DDA60F6F3123999 /* Frameworks */,
			);
			sourceTree = "<group>";
		};
		3C5FBD941EB868B400E5F76A /* Products */ = {
			isa = PBXGroup;
			children = (
				3C5FBD931EB868B400E5F76A /* TravelSwift.app */,
				3C5FBDA71EB868B700E5F76A /* TravelSwiftTests.xctest */,
				3C5FBDB21EB868B800E5F76A /* TravelSwiftUITests.xctest */,
			);
			name = Products;
			sourceTree = "<group>";
		};
		3C5FBD951EB868B400E5F76A /* TravelSwift */ = {
			isa = PBXGroup;
			children = (
				3C5FBD961EB868B500E5F76A /* AppDelegate.swift */,
				3CFB00871EBAD6C000C6F5DB /* 桥接 */,
				3CE073B01EB9695400F1A3FE /* RootVC */,
				3C5FBDC71EB876BB00E5F76A /* Main */,
				3C5FBDC51EB876B500E5F76A /* Note */,
				3CE073CC1EB9750E00F1A3FE /* SearchVC */,
				3C5FBDC81EB8771500E5F76A /* Message */,
				3C5FBDC61EB876B900E5F76A /* Peron */,
				3C5FBDC91EB8774000E5F76A /* Public */,
				3C5FBDCA1EB8774F00E5F76A /* Tools */,
				3C5FBD9A1EB868B700E5F76A /* Main.storyboard */,
				3C5FBD9D1EB868B700E5F76A /* Assets.xcassets */,
				3C5FBD9F1EB868B700E5F76A /* LaunchScreen.storyboard */,
				3C5FBDA21EB868B700E5F76A /* Info.plist */,
			);
			path = TravelSwift;
			sourceTree = "<group>";
		};
		3C5FBDAA1EB868B700E5F76A /* TravelSwiftTests */ = {
			isa = PBXGroup;
			children = (
				3C5FBDAB1EB868B800E5F76A /* TravelSwiftTests.swift */,
				3C5FBDAD1EB868B800E5F76A /* Info.plist */,
			);
			path = TravelSwiftTests;
			sourceTree = "<group>";
		};
		3C5FBDB51EB868B800E5F76A /* TravelSwiftUITests */ = {
			isa = PBXGroup;
			children = (
				3C5FBDB61EB868B900E5F76A /* TravelSwiftUITests.swift */,
				3C5FBDB81EB868B900E5F76A /* Info.plist */,
			);
			path = TravelSwiftUITests;
			sourceTree = "<group>";
		};
		3C5FBDC51EB876B500E5F76A /* Note */ = {
			isa = PBXGroup;
			children = (
				3CE073B91EB96AF000F1A3FE /* ViewController */,
				3CE073B81EB96AF000F1A3FE /* View */,
				3CE073B71EB96AED00F1A3FE /* Model */,
			);
			name = Note;
			sourceTree = "<group>";
		};
		3C5FBDC61EB876B900E5F76A /* Peron */ = {
			isa = PBXGroup;
			children = (
				3CE073BE1EB96B3200F1A3FE /* ViewController */,
				3CE073BF1EB96B3200F1A3FE /* View */,
				3CE073BD1EB96B3100F1A3FE /* Model */,
			);
			name = Peron;
			sourceTree = "<group>";
		};
		3C5FBDC71EB876BB00E5F76A /* Main */ = {
			isa = PBXGroup;
			children = (
				3CE073B31EB96A7200F1A3FE /* ViewController */,
				3CE073B41EB96A7E00F1A3FE /* View */,
				3CE073B51EB96ABC00F1A3FE /* Model */,
			);
			name = Main;
			sourceTree = "<group>";
		};
		3C5FBDC81EB8771500E5F76A /* Message */ = {
			isa = PBXGroup;
			children = (
				3CE073BC1EB96AFC00F1A3FE /* ViewController */,
				3CE073BB1EB96AFC00F1A3FE /* View */,
				3CE073BA1EB96AFC00F1A3FE /* Model */,
			);
			name = Message;
			sourceTree = "<group>";
		};
		3C5FBDC91EB8774000E5F76A /* Public */ = {
			isa = PBXGroup;
			children = (
				3C5FBDCB1EB878E600E5F76A /* define.swift */,
				3C5FBDD01EB87EA500E5F76A /* UserInfo.swift */,
				3CE073AE1EB9692F00F1A3FE /* PublicMethod */,
				3CE073AD1EB9690400F1A3FE /* BaseViewController */,
			);
			name = Public;
			sourceTree = "<group>";
		};
		3C5FBDCA1EB8774F00E5F76A /* Tools */ = {
			isa = PBXGroup;
			children = (
				3C5FBDCD1EB87B1500E5F76A /* Color */,
			);
			name = Tools;
			sourceTree = "<group>";
		};
		3C5FBDCD1EB87B1500E5F76A /* Color */ = {
			isa = PBXGroup;
			children = (
				3C5FBDCE1EB87B2800E5F76A /* color.swift */,
			);
			name = Color;
			sourceTree = "<group>";
		};
		3CE073AD1EB9690400F1A3FE /* BaseViewController */ = {
			isa = PBXGroup;
			children = (
				3CE073C01EB96B6800F1A3FE /* BaseViewController.swift */,
				3CE073CA1EB96E6500F1A3FE /* BaseNavagationController.swift */,
			);
			name = BaseViewController;
			sourceTree = "<group>";
		};
		3CE073AE1EB9692F00F1A3FE /* PublicMethod */ = {
			isa = PBXGroup;
			children = (
				3C4A17471EC06F9A000E6C56 /* PublicMethod.swift */,
			);
			name = PublicMethod;
			sourceTree = "<group>";
		};
		3CE073B01EB9695400F1A3FE /* RootVC */ = {
			isa = PBXGroup;
			children = (
				3CE073B11EB9697600F1A3FE /* RootViewController.swift */,
			);
			name = RootVC;
			sourceTree = "<group>";
		};
		3CE073B31EB96A7200F1A3FE /* ViewController */ = {
			isa = PBXGroup;
			children = (
				3CE073C21EB96BDA00F1A3FE /* MainVC.swift */,
				3C0860C51EC5AE01004634E2 /* SearchViewController.swift */,
			);
			name = ViewController;
			sourceTree = "<group>";
		};
		3CE073B41EB96A7E00F1A3FE /* View */ = {
			isa = PBXGroup;
			children = (
				3CFB00801EBAC64500C6F5DB /* Banner */,
			);
			name = View;
			sourceTree = "<group>";
		};
		3CE073B51EB96ABC00F1A3FE /* Model */ = {
			isa = PBXGroup;
			children = (
			);
			name = Model;
			sourceTree = "<group>";
		};
		3CE073B71EB96AED00F1A3FE /* Model */ = {
			isa = PBXGroup;
			children = (
			);
			name = Model;
			sourceTree = "<group>";
		};
		3CE073B81EB96AF000F1A3FE /* View */ = {
			isa = PBXGroup;
			children = (
			);
			name = View;
			sourceTree = "<group>";
		};
		3CE073B91EB96AF000F1A3FE /* ViewController */ = {
			isa = PBXGroup;
			children = (
				3CE073C41EB96BEE00F1A3FE /* NoteVC.swift */,
			);
			name = ViewController;
			sourceTree = "<group>";
		};
		3CE073BA1EB96AFC00F1A3FE /* Model */ = {
			isa = PBXGroup;
			children = (
			);
			name = Model;
			sourceTree = "<group>";
		};
		3CE073BB1EB96AFC00F1A3FE /* View */ = {
			isa = PBXGroup;
			children = (
			);
			name = View;
			sourceTree = "<group>";
		};
		3CE073BC1EB96AFC00F1A3FE /* ViewController */ = {
			isa = PBXGroup;
			children = (
				3CE073C61EB96BF700F1A3FE /* MsgVC.swift */,
			);
			name = ViewController;
			sourceTree = "<group>";
		};
		3CE073BD1EB96B3100F1A3FE /* Model */ = {
			isa = PBXGroup;
			children = (
			);
			name = Model;
			sourceTree = "<group>";
		};
		3CE073BE1EB96B3200F1A3FE /* ViewController */ = {
			isa = PBXGroup;
			children = (
				3CE073C81EB96C0500F1A3FE /* MineVC.swift */,
			);
			name = ViewController;
			sourceTree = "<group>";
		};
		3CE073BF1EB96B3200F1A3FE /* View */ = {
			isa = PBXGroup;
			children = (
			);
			name = View;
			sourceTree = "<group>";
		};
		3CE073CC1EB9750E00F1A3FE /* SearchVC */ = {
			isa = PBXGroup;
			children = (
				3CE073CD1EB9C2FE00F1A3FE /* SearchVC.swift */,
				3CE073CF1EB9C39B00F1A3FE /* SearchAnimation.swift */,
			);
			name = SearchVC;
			sourceTree = "<group>";
		};
		3CFB00801EBAC64500C6F5DB /* Banner */ = {
			isa = PBXGroup;
			children = (
				3CFB00811EBAC66800C6F5DB /* MainBanner.swift */,
				3C4A173F1EC04027000E6C56 /* SwiftTimer.swift */,
			);
			name = Banner;
			sourceTree = "<group>";
		};
		3CFB00871EBAD6C000C6F5DB /* 桥接 */ = {
			isa = PBXGroup;
			children = (
				3CFB00881EBAD71700C6F5DB /* TravelSwift-Bridging-Header.h */,
			);
			name = "桥接";
			sourceTree = "<group>";
		};
		8EF8387AB4B1854C89E6B626 /* Pods */ = {
			isa = PBXGroup;
			children = (
				65075653C0EBEE637CB2B1DE /* Pods-TravelSwift.debug.xcconfig */,
				BFB400CC22155DFFCF66ABD6 /* Pods-TravelSwift.release.xcconfig */,
			);
			name = Pods;
			sourceTree = "<group>";
		};
/* End PBXGroup section */

/* Begin PBXNativeTarget section */
		3C5FBD921EB868B400E5F76A /* TravelSwift */ = {
			isa = PBXNativeTarget;
			buildConfigurationList = 3C5FBDBB1EB868B900E5F76A /* Build configuration list for PBXNativeTarget "TravelSwift" */;
			buildPhases = (
				9843EE741D89F70DCF67A609 /* [CP] Check Pods Manifest.lock */,
				3C5FBD8F1EB868B400E5F76A /* Sources */,
				3C5FBD901EB868B400E5F76A /* Frameworks */,
				3C5FBD911EB868B400E5F76A /* Resources */,
				373601134FD07B6506117C4D /* [CP] Embed Pods Frameworks */,
				D9411996F13820FE64AF41CF /* [CP] Copy Pods Resources */,
			);
			buildRules = (
			);
			dependencies = (
			);
			name = TravelSwift;
			productName = TravelSwift;
			productReference = 3C5FBD931EB868B400E5F76A /* TravelSwift.app */;
			productType = "com.apple.product-type.application";
		};
		3C5FBDA61EB868B700E5F76A /* TravelSwiftTests */ = {
			isa = PBXNativeTarget;
			buildConfigurationList = 3C5FBDBE1EB868B900E5F76A /* Build configuration list for PBXNativeTarget "TravelSwiftTests" */;
			buildPhases = (
				3C5FBDA31EB868B700E5F76A /* Sources */,
				3C5FBDA41EB868B700E5F76A /* Frameworks */,
				3C5FBDA51EB868B700E5F76A /* Resources */,
			);
			buildRules = (
			);
			dependencies = (
				3C5FBDA91EB868B700E5F76A /* PBXTargetDependency */,
			);
			name = TravelSwiftTests;
			productName = TravelSwiftTests;
			productReference = 3C5FBDA71EB868B700E5F76A /* TravelSwiftTests.xctest */;
			productType = "com.apple.product-type.bundle.unit-test";
		};
		3C5FBDB11EB868B800E5F76A /* TravelSwiftUITests */ = {
			isa = PBXNativeTarget;
			buildConfigurationList = 3C5FBDC11EB868B900E5F76A /* Build configuration list for PBXNativeTarget "TravelSwiftUITests" */;
			buildPhases = (
				3C5FBDAE1EB868B800E5F76A /* Sources */,
				3C5FBDAF1EB868B800E5F76A /* Frameworks */,
				3C5FBDB01EB868B800E5F76A /* Resources */,
			);
			buildRules = (
			);
			dependencies = (
				3C5FBDB41EB868B800E5F76A /* PBXTargetDependency */,
			);
			name = TravelSwiftUITests;
			productName = TravelSwiftUITests;
			productReference = 3C5FBDB21EB868B800E5F76A /* TravelSwiftUITests.xctest */;
			productType = "com.apple.product-type.bundle.ui-testing";
		};
/* End PBXNativeTarget section */

/* Begin PBXProject section */
		3C5FBD8B1EB868B400E5F76A /* Project object */ = {
			isa = PBXProject;
			attributes = {
				LastSwiftUpdateCheck = 0820;
				LastUpgradeCheck = 0820;
				ORGANIZATIONNAME = iMac;
				TargetAttributes = {
					3C5FBD921EB868B400E5F76A = {
						CreatedOnToolsVersion = 8.2.1;
						DevelopmentTeam = L833E7SWLW;
						LastSwiftMigration = 0820;
						ProvisioningStyle = Automatic;
					};
					3C5FBDA61EB868B700E5F76A = {
						CreatedOnToolsVersion = 8.2.1;
						DevelopmentTeam = L833E7SWLW;
						ProvisioningStyle = Automatic;
						TestTargetID = 3C5FBD921EB868B400E5F76A;
					};
					3C5FBDB11EB868B800E5F76A = {
						CreatedOnToolsVersion = 8.2.1;
						DevelopmentTeam = L833E7SWLW;
						ProvisioningStyle = Automatic;
						TestTargetID = 3C5FBD921EB868B400E5F76A;
					};
				};
			};
			buildConfigurationList = 3C5FBD8E1EB868B400E5F76A /* Build configuration list for PBXProject "TravelSwift" */;
			compatibilityVersion = "Xcode 3.2";
			developmentRegion = English;
			hasScannedForEncodings = 0;
			knownRegions = (
				en,
				Base,
			);
			mainGroup = 3C5FBD8A1EB868B300E5F76A;
			productRefGroup = 3C5FBD941EB868B400E5F76A /* Products */;
			projectDirPath = "";
			projectRoot = "";
			targets = (
				3C5FBD921EB868B400E5F76A /* TravelSwift */,
				3C5FBDA61EB868B700E5F76A /* TravelSwiftTests */,
				3C5FBDB11EB868B800E5F76A /* TravelSwiftUITests */,
			);
		};
/* End PBXProject section */

/* Begin PBXResourcesBuildPhase section */
		3C5FBD911EB868B400E5F76A /* Resources */ = {
			isa = PBXResourcesBuildPhase;
			buildActionMask = 2147483647;
			files = (
				3C5FBDA11EB868B700E5F76A /* LaunchScreen.storyboard in Resources */,
				3C5FBD9E1EB868B700E5F76A /* Assets.xcassets in Resources */,
				3C5FBD9C1EB868B700E5F76A /* Main.storyboard in Resources */,
			);
			runOnlyForDeploymentPostprocessing = 0;
		};
		3C5FBDA51EB868B700E5F76A /* Resources */ = {
			isa = PBXResourcesBuildPhase;
			buildActionMask = 2147483647;
			files = (
			);
			runOnlyForDeploymentPostprocessing = 0;
		};
		3C5FBDB01EB868B800E5F76A /* Resources */ = {
			isa = PBXResourcesBuildPhase;
			buildActionMask = 2147483647;
			files = (
			);
			runOnlyForDeploymentPostprocessing = 0;
		};
/* End PBXResourcesBuildPhase section */

/* Begin PBXShellScriptBuildPhase section */
		373601134FD07B6506117C4D /* [CP] Embed Pods Frameworks */ = {
			isa = PBXShellScriptBuildPhase;
			buildActionMask = 2147483647;
			files = (
			);
			inputPaths = (
			);
			name = "[CP] Embed Pods Frameworks";
			outputPaths = (
			);
			runOnlyForDeploymentPostprocessing = 0;
			shellPath = /bin/sh;
			shellScript = "\"${SRCROOT}/Pods/Target Support Files/Pods-TravelSwift/Pods-TravelSwift-frameworks.sh\"\n";
			showEnvVarsInLog = 0;
		};
		9843EE741D89F70DCF67A609 /* [CP] Check Pods Manifest.lock */ = {
			isa = PBXShellScriptBuildPhase;
			buildActionMask = 2147483647;
			files = (
			);
			inputPaths = (
			);
			name = "[CP] Check Pods Manifest.lock";
			outputPaths = (
			);
			runOnlyForDeploymentPostprocessing = 0;
			shellPath = /bin/sh;
			shellScript = "diff \"${PODS_ROOT}/../Podfile.lock\" \"${PODS_ROOT}/Manifest.lock\" > /dev/null\nif [ $? != 0 ] ; then\n    # print error to STDERR\n    echo \"error: The sandbox is not in sync with the Podfile.lock. Run 'pod install' or update your CocoaPods installation.\" >&2\n    exit 1\nfi\n";
			showEnvVarsInLog = 0;
		};
		D9411996F13820FE64AF41CF /* [CP] Copy Pods Resources */ = {
			isa = PBXShellScriptBuildPhase;
			buildActionMask = 2147483647;
			files = (
			);
			inputPaths = (
			);
			name = "[CP] Copy Pods Resources";
			outputPaths = (
			);
			runOnlyForDeploymentPostprocessing = 0;
			shellPath = /bin/sh;
			shellScript = "\"${SRCROOT}/Pods/Target Support Files/Pods-TravelSwift/Pods-TravelSwift-resources.sh\"\n";
			showEnvVarsInLog = 0;
		};
/* End PBXShellScriptBuildPhase section */

/* Begin PBXSourcesBuildPhase section */
		3C5FBD8F1EB868B400E5F76A /* Sources */ = {
			isa = PBXSourcesBuildPhase;
			buildActionMask = 2147483647;
			files = (
				3CE073CE1EB9C2FE00F1A3FE /* SearchVC.swift in Sources */,
				3C4A17401EC04027000E6C56 /* SwiftTimer.swift in Sources */,
				3CE073C91EB96C0500F1A3FE /* MineVC.swift in Sources */,
				3C0860C61EC5AE01004634E2 /* SearchViewController.swift in Sources */,
				3CE073B21EB9697600F1A3FE /* RootViewController.swift in Sources */,
				3C5FBDCF1EB87B2800E5F76A /* color.swift in Sources */,
				3CE073D01EB9C39B00F1A3FE /* SearchAnimation.swift in Sources */,
				3C5FBD971EB868B500E5F76A /* AppDelegate.swift in Sources */,
				3CE073C71EB96BF700F1A3FE /* MsgVC.swift in Sources */,
				3C5FBDD11EB87EA500E5F76A /* UserInfo.swift in Sources */,
				3CE073C31EB96BDA00F1A3FE /* MainVC.swift in Sources */,
				3CE073C11EB96B6800F1A3FE /* BaseViewController.swift in Sources */,
				3CFB00821EBAC66800C6F5DB /* MainBanner.swift in Sources */,
				3CE073C51EB96BEE00F1A3FE /* NoteVC.swift in Sources */,
				3C4A17481EC06F9A000E6C56 /* PublicMethod.swift in Sources */,
				3CE073CB1EB96E6500F1A3FE /* BaseNavagationController.swift in Sources */,
				3C5FBDCC1EB878E600E5F76A /* define.swift in Sources */,
			);
			runOnlyForDeploymentPostprocessing = 0;
		};
		3C5FBDA31EB868B700E5F76A /* Sources */ = {
			isa = PBXSourcesBuildPhase;
			buildActionMask = 2147483647;
			files = (
				3C5FBDAC1EB868B800E5F76A /* TravelSwiftTests.swift in Sources */,
			);
			runOnlyForDeploymentPostprocessing = 0;
		};
		3C5FBDAE1EB868B800E5F76A /* Sources */ = {
			isa = PBXSourcesBuildPhase;
			buildActionMask = 2147483647;
			files = (
				3C5FBDB71EB868B900E5F76A /* TravelSwiftUITests.swift in Sources */,
			);
			runOnlyForDeploymentPostprocessing = 0;
		};
/* End PBXSourcesBuildPhase section */

/* Begin PBXTargetDependency section */
		3C5FBDA91EB868B700E5F76A /* PBXTargetDependency */ = {
			isa = PBXTargetDependency;
			target = 3C5FBD921EB868B400E5F76A /* TravelSwift */;
			targetProxy = 3C5FBDA81EB868B700E5F76A /* PBXContainerItemProxy */;
		};
		3C5FBDB41EB868B800E5F76A /* PBXTargetDependency */ = {
			isa = PBXTargetDependency;
			target = 3C5FBD921EB868B400E5F76A /* TravelSwift */;
			targetProxy = 3C5FBDB31EB868B800E5F76A /* PBXContainerItemProxy */;
		};
/* End PBXTargetDependency section */

/* Begin PBXVariantGroup section */
		3C5FBD9A1EB868B700E5F76A /* Main.storyboard */ = {
			isa = PBXVariantGroup;
			children = (
				3C5FBD9B1EB868B700E5F76A /* Base */,
			);
			name = Main.storyboard;
			sourceTree = "<group>";
		};
		3C5FBD9F1EB868B700E5F76A /* LaunchScreen.storyboard */ = {
			isa = PBXVariantGroup;
			children = (
				3C5FBDA01EB868B700E5F76A /* Base */,
			);
			name = LaunchScreen.storyboard;
			sourceTree = "<group>";
		};
/* End PBXVariantGroup section */

/* Begin XCBuildConfiguration section */
		3C5FBDB91EB868B900E5F76A /* Debug */ = {
			isa = XCBuildConfiguration;
			buildSettings = {
				ALWAYS_SEARCH_USER_PATHS = NO;
				CLANG_ANALYZER_NONNULL = YES;
				CLANG_CXX_LANGUAGE_STANDARD = "gnu++0x";
				CLANG_CXX_LIBRARY = "libc++";
				CLANG_ENABLE_MODULES = YES;
				CLANG_ENABLE_OBJC_ARC = YES;
				CLANG_WARN_BOOL_CONVERSION = YES;
				CLANG_WARN_CONSTANT_CONVERSION = YES;
				CLANG_WARN_DIRECT_OBJC_ISA_USAGE = YES_ERROR;
				CLANG_WARN_DOCUMENTATION_COMMENTS = YES;
				CLANG_WARN_EMPTY_BODY = YES;
				CLANG_WARN_ENUM_CONVERSION = YES;
				CLANG_WARN_INFINITE_RECURSION = YES;
				CLANG_WARN_INT_CONVERSION = YES;
				CLANG_WARN_OBJC_ROOT_CLASS = YES_ERROR;
				CLANG_WARN_SUSPICIOUS_MOVE = YES;
				CLANG_WARN_UNREACHABLE_CODE = YES;
				CLANG_WARN__DUPLICATE_METHOD_MATCH = YES;
				"CODE_SIGN_IDENTITY[sdk=iphoneos*]" = "iPhone Developer";
				COPY_PHASE_STRIP = NO;
				DEBUG_INFORMATION_FORMAT = dwarf;
				ENABLE_STRICT_OBJC_MSGSEND = YES;
				ENABLE_TESTABILITY = YES;
				GCC_C_LANGUAGE_STANDARD = gnu99;
				GCC_DYNAMIC_NO_PIC = NO;
				GCC_NO_COMMON_BLOCKS = YES;
				GCC_OPTIMIZATION_LEVEL = 0;
				GCC_PREPROCESSOR_DEFINITIONS = (
					"DEBUG=1",
					"$(inherited)",
				);
				GCC_WARN_64_TO_32_BIT_CONVERSION = YES;
				GCC_WARN_ABOUT_RETURN_TYPE = YES_ERROR;
				GCC_WARN_UNDECLARED_SELECTOR = YES;
				GCC_WARN_UNINITIALIZED_AUTOS = YES_AGGRESSIVE;
				GCC_WARN_UNUSED_FUNCTION = YES;
				GCC_WARN_UNUSED_VARIABLE = YES;
				IPHONEOS_DEPLOYMENT_TARGET = 10.2;
				MTL_ENABLE_DEBUG_INFO = YES;
				ONLY_ACTIVE_ARCH = YES;
				OTHER_LDFLAGS = "-Objc";
				SDKROOT = iphoneos;
				SWIFT_ACTIVE_COMPILATION_CONDITIONS = DEBUG;
				SWIFT_OPTIMIZATION_LEVEL = "-Onone";
				TARGETED_DEVICE_FAMILY = "1,2";
			};
			name = Debug;
		};
		3C5FBDBA1EB868B900E5F76A /* Release */ = {
			isa = XCBuildConfiguration;
			buildSettings = {
				ALWAYS_SEARCH_USER_PATHS = NO;
				CLANG_ANALYZER_NONNULL = YES;
				CLANG_CXX_LANGUAGE_STANDARD = "gnu++0x";
				CLANG_CXX_LIBRARY = "libc++";
				CLANG_ENABLE_MODULES = YES;
				CLANG_ENABLE_OBJC_ARC = YES;
				CLANG_WARN_BOOL_CONVERSION = YES;
				CLANG_WARN_CONSTANT_CONVERSION = YES;
				CLANG_WARN_DIRECT_OBJC_ISA_USAGE = YES_ERROR;
				CLANG_WARN_DOCUMENTATION_COMMENTS = YES;
				CLANG_WARN_EMPTY_BODY = YES;
				CLANG_WARN_ENUM_CONVERSION = YES;
				CLANG_WARN_INFINITE_RECURSION = YES;
				CLANG_WARN_INT_CONVERSION = YES;
				CLANG_WARN_OBJC_ROOT_CLASS = YES_ERROR;
				CLANG_WARN_SUSPICIOUS_MOVE = YES;
				CLANG_WARN_UNREACHABLE_CODE = YES;
				CLANG_WARN__DUPLICATE_METHOD_MATCH = YES;
				"CODE_SIGN_IDENTITY[sdk=iphoneos*]" = "iPhone Developer";
				COPY_PHASE_STRIP = NO;
				DEBUG_INFORMATION_FORMAT = "dwarf-with-dsym";
				ENABLE_NS_ASSERTIONS = NO;
				ENABLE_STRICT_OBJC_MSGSEND = YES;
				GCC_C_LANGUAGE_STANDARD = gnu99;
				GCC_NO_COMMON_BLOCKS = YES;
				GCC_WARN_64_TO_32_BIT_CONVERSION = YES;
				GCC_WARN_ABOUT_RETURN_TYPE = YES_ERROR;
				GCC_WARN_UNDECLARED_SELECTOR = YES;
				GCC_WARN_UNINITIALIZED_AUTOS = YES_AGGRESSIVE;
				GCC_WARN_UNUSED_FUNCTION = YES;
				GCC_WARN_UNUSED_VARIABLE = YES;
				IPHONEOS_DEPLOYMENT_TARGET = 10.2;
				MTL_ENABLE_DEBUG_INFO = NO;
				OTHER_LDFLAGS = "-Objc";
				SDKROOT = iphoneos;
				SWIFT_OPTIMIZATION_LEVEL = "-Owholemodule";
				TARGETED_DEVICE_FAMILY = "1,2";
				VALIDATE_PRODUCT = YES;
			};
			name = Release;
		};
		3C5FBDBC1EB868B900E5F76A /* Debug */ = {
			isa = XCBuildConfiguration;
			baseConfigurationReference = 65075653C0EBEE637CB2B1DE /* Pods-TravelSwift.debug.xcconfig */;
			buildSettings = {
				ASSETCATALOG_COMPILER_APPICON_NAME = AppIcon;
				CLANG_ENABLE_MODULES = YES;
				DEVELOPMENT_TEAM = L833E7SWLW;
				INFOPLIST_FILE = TravelSwift/Info.plist;
				LD_RUNPATH_SEARCH_PATHS = "$(inherited) @executable_path/Frameworks";
				PRODUCT_BUNDLE_IDENTIFIER = com.stone.TravelSwift;
				PRODUCT_NAME = "$(TARGET_NAME)";
				SWIFT_OBJC_BRIDGING_HEADER = "TravelSwift/TravelSwift-Bridging-Header.h";
				SWIFT_OPTIMIZATION_LEVEL = "-Onone";
				SWIFT_VERSION = 3.0;
			};
			name = Debug;
		};
		3C5FBDBD1EB868B900E5F76A /* Release */ = {
			isa = XCBuildConfiguration;
			baseConfigurationReference = BFB400CC22155DFFCF66ABD6 /* Pods-TravelSwift.release.xcconfig */;
			buildSettings = {
				ASSETCATALOG_COMPILER_APPICON_NAME = AppIcon;
				CLANG_ENABLE_MODULES = YES;
				DEVELOPMENT_TEAM = L833E7SWLW;
				INFOPLIST_FILE = TravelSwift/Info.plist;
				LD_RUNPATH_SEARCH_PATHS = "$(inherited) @executable_path/Frameworks";
				PRODUCT_BUNDLE_IDENTIFIER = com.stone.TravelSwift;
				PRODUCT_NAME = "$(TARGET_NAME)";
				SWIFT_OBJC_BRIDGING_HEADER = "TravelSwift/TravelSwift-Bridging-Header.h";
				SWIFT_VERSION = 3.0;
			};
			name = Release;
		};
		3C5FBDBF1EB868B900E5F76A /* Debug */ = {
			isa = XCBuildConfiguration;
			buildSettings = {
				ALWAYS_EMBED_SWIFT_STANDARD_LIBRARIES = YES;
				BUNDLE_LOADER = "$(TEST_HOST)";
				DEVELOPMENT_TEAM = L833E7SWLW;
				INFOPLIST_FILE = TravelSwiftTests/Info.plist;
				LD_RUNPATH_SEARCH_PATHS = "$(inherited) @executable_path/Frameworks @loader_path/Frameworks";
				PRODUCT_BUNDLE_IDENTIFIER = com.stone.TravelSwiftTests;
				PRODUCT_NAME = "$(TARGET_NAME)";
				SWIFT_VERSION = 3.0;
				TEST_HOST = "$(BUILT_PRODUCTS_DIR)/TravelSwift.app/TravelSwift";
			};
			name = Debug;
		};
		3C5FBDC01EB868B900E5F76A /* Release */ = {
			isa = XCBuildConfiguration;
			buildSettings = {
				ALWAYS_EMBED_SWIFT_STANDARD_LIBRARIES = YES;
				BUNDLE_LOADER = "$(TEST_HOST)";
				DEVELOPMENT_TEAM = L833E7SWLW;
				INFOPLIST_FILE = TravelSwiftTests/Info.plist;
				LD_RUNPATH_SEARCH_PATHS = "$(inherited) @executable_path/Frameworks @loader_path/Frameworks";
				PRODUCT_BUNDLE_IDENTIFIER = com.stone.TravelSwiftTests;
				PRODUCT_NAME = "$(TARGET_NAME)";
				SWIFT_VERSION = 3.0;
				TEST_HOST = "$(BUILT_PRODUCTS_DIR)/TravelSwift.app/TravelSwift";
			};
			name = Release;
		};
		3C5FBDC21EB868B900E5F76A /* Debug */ = {
			isa = XCBuildConfiguration;
			buildSettings = {
				ALWAYS_EMBED_SWIFT_STANDARD_LIBRARIES = YES;
				DEVELOPMENT_TEAM = L833E7SWLW;
				INFOPLIST_FILE = TravelSwiftUITests/Info.plist;
				LD_RUNPATH_SEARCH_PATHS = "$(inherited) @executable_path/Frameworks @loader_path/Frameworks";
				PRODUCT_BUNDLE_IDENTIFIER = com.stone.TravelSwiftUITests;
				PRODUCT_NAME = "$(TARGET_NAME)";
				SWIFT_VERSION = 3.0;
				TEST_TARGET_NAME = TravelSwift;
			};
			name = Debug;
		};
		3C5FBDC31EB868B900E5F76A /* Release */ = {
			isa = XCBuildConfiguration;
			buildSettings = {
				ALWAYS_EMBED_SWIFT_STANDARD_LIBRARIES = YES;
				DEVELOPMENT_TEAM = L833E7SWLW;
				INFOPLIST_FILE = TravelSwiftUITests/Info.plist;
				LD_RUNPATH_SEARCH_PATHS = "$(inherited) @executable_path/Frameworks @loader_path/Frameworks";
				PRODUCT_BUNDLE_IDENTIFIER = com.stone.TravelSwiftUITests;
				PRODUCT_NAME = "$(TARGET_NAME)";
				SWIFT_VERSION = 3.0;
				TEST_TARGET_NAME = TravelSwift;
			};
			name = Release;
		};
/* End XCBuildConfiguration section */

/* Begin XCConfigurationList section */
		3C5FBD8E1EB868B400E5F76A /* Build configuration list for PBXProject "TravelSwift" */ = {
			isa = XCConfigurationList;
			buildConfigurations = (
				3C5FBDB91EB868B900E5F76A /* Debug */,
				3C5FBDBA1EB868B900E5F76A /* Release */,
			);
			defaultConfigurationIsVisible = 0;
			defaultConfigurationName = Release;
		};
		3C5FBDBB1EB868B900E5F76A /* Build configuration list for PBXNativeTarget "TravelSwift" */ = {
			isa = XCConfigurationList;
			buildConfigurations = (
				3C5FBDBC1EB868B900E5F76A /* Debug */,
				3C5FBDBD1EB868B900E5F76A /* Release */,
			);
			defaultConfigurationIsVisible = 0;
			defaultConfigurationName = Release;
		};
		3C5FBDBE1EB868B900E5F76A /* Build configuration list for PBXNativeTarget "TravelSwiftTests" */ = {
			isa = XCConfigurationList;
			buildConfigurations = (
				3C5FBDBF1EB868B900E5F76A /* Debug */,
				3C5FBDC01EB868B900E5F76A /* Release */,
			);
			defaultConfigurationIsVisible = 0;
			defaultConfigurationName = Release;
		};
		3C5FBDC11EB868B900E5F76A /* Build configuration list for PBXNativeTarget "TravelSwiftUITests" */ = {
			isa = XCConfigurationList;
			buildConfigurations = (
				3C5FBDC21EB868B900E5F76A /* Debug */,
				3C5FBDC31EB868B900E5F76A /* Release */,
			);
			defaultConfigurationIsVisible = 0;
			defaultConfigurationName = Release;
		};
/* End XCConfigurationList section */
	};
	rootObject = 3C5FBD8B1EB868B400E5F76A /* Project object */;
}
